# This file is automatically @generated by Cargo.
# It is not intended for manual editing.
version = 4

[[package]]
name = "anyhow"
version = "1.0.100"
source = "registry+https://github.com/rust-lang/crates.io-index"
checksum = "a23eb6b1614318a8071c9b2521f36b424b2c83db5eb3a0fead4a6c0809af6e61"

[[package]]
name = "bitstream-io"
version = "4.9.0"
source = "registry+https://github.com/rust-lang/crates.io-index"
checksum = "60d4bd9d1db2c6bdf285e223a7fa369d5ce98ec767dec949c6ca62863ce61757"
dependencies = [
 "core2",
]

[[package]]
name = "bitvec_helpers"
version = "4.0.1"
source = "registry+https://github.com/rust-lang/crates.io-index"
checksum = "ce11555377cf09e77e009628c6163e509420be8fe19c0f06bf8368dee34ce287"
dependencies = [
 "bitstream-io",
]

[[package]]
name = "core2"
version = "0.4.0"
source = "registry+https://github.com/rust-lang/crates.io-index"
checksum = "b49ba7ef1ad6107f8824dbe97de947cbaac53c44e7f9756a1fba0d37c1eec505"
dependencies = [
 "memchr",
]

[[package]]
name = "hevc_parser"
version = "0.6.10"
dependencies = [
 "anyhow",
 "bitvec_helpers",
 "matroska-demuxer",
 "nom",
 "regex-lite",
]

[[package]]
name = "matroska-demuxer"
version = "0.7.0"
source = "registry+https://github.com/rust-lang/crates.io-index"
checksum = "fb23384e6bf1431427b45e7db9574146e948ef0cd975018693e6f53eb6d44199"

[[package]]
name = "memchr"
version = "2.7.6"
source = "registry+https://github.com/rust-lang/crates.io-index"
checksum = "f52b00d39961fc5b2736ea853c9cc86238e165017a493d1d5c8eac6bdc4cc273"

[[package]]
name = "nom"
version = "8.0.0"
source = "registry+https://github.com/rust-lang/crates.io-index"
checksum = "df9761775871bdef83bee530e60050f7e54b1105350d6884eb0fb4f46c2f9405"
dependencies = [
 "memchr",
]

[[package]]
name = "regex-lite"
version = "0.1.8"
source = "registry+https://github.com/rust-lang/crates.io-index"
checksum = "8d942b98df5e658f56f20d592c7f868833fe38115e65c33003d8cd224b0155da"
